
Microsoft Visual Studio Solution File, Format Version 12.00
# Visual Studio 15
VisualStudioVersion = 15.0.26228.9
MinimumVisualStudioVersion = 10.0.40219.1
Project("{FAE04EC0-301F-11D3-BF4B-00C04F79EFBC}") = "Calculator", "Calculator\Calculator.csproj", "{31226F30-FCDA-4D30-9BD2-0612501CF03C}"
EndProject
Project("{FAE04EC0-301F-11D3-BF4B-00C04F79EFBC}") = "Calculator.Windows.Theme", "Calculator.Windows.Theme\Calculator.Windows.Theme.csproj", "{34EECC98-7DA0-4018-8663-B55A298989B9}"
EndProject
Global
	GlobalSection(SolutionConfigurationPlatforms) = preSolution
		Debug|Any CPU = Debug|Any CPU
		Release|Any CPU = Release|Any CPU
	EndGlobalSection
	GlobalSection(ProjectConfigurationPlatforms) = postSolution
		{31226F30-FCDA-4D30-9BD2-0612501CF03C}.Debug|Any CPU.ActiveCfg = Debug|Any CPU
		{31226F30-FCDA-4D30-9BD2-0612501CF03C}.Debug|Any CPU.Build.0 = Debug|Any CPU
		{31226F30-FCDA-4D30-9BD2-0612501CF03C}.Release|Any CPU.ActiveCfg = Release|Any CPU
		{31226F30-FCDA-4D30-9BD2-0612501CF03C}.Release|Any CPU.Build.0 = Release|Any CPU
		{34EECC98-7DA0-4018-8663-B55A298989B9}.Debug|Any CPU.ActiveCfg = Debug|Any CPU
		{34EECC98-7DA0-4018-8663-B55A298989B9}.Debug|Any CPU.Build.0 = Debug|Any CPU
		{34EECC98-7DA0-4018-8663-B55A298989B9}.Release|Any CPU.ActiveCfg = Release|Any CPU
		{34EECC98-7DA0-4018-8663-B55A298989B9}.Release|Any CPU.Build.0 = Release|Any CPU
	EndGlobalSection
	GlobalSection(SolutionProperties) = preSolution
		HideSolutionNode = FALSE
	EndGlobalSection
EndGlobal
